
Microsoft Visual Studio Solution File, Format Version 12.00
# Visual Studio Version 16
VisualStudioVersion = 16.0.32802.440
MinimumVisualStudioVersion = 10.0.40219.1
Project("{8BC9CEB8-8B4A-11D0-8D11-00A0C91BC942}") = "E01 - VS19 Config", "E01 - VS19 Config\E01 - VS19 Config.vcxproj", "{B8157A5E-561C-4B6B-9FD2-323EF59173FC}"
EndProject
Global
	GlobalSection(SolutionConfigurationPlatforms) = preSolution
		Debug|x86 = Debug|x86
		Release|x86 = Release|x86
	EndGlobalSection
	GlobalSection(ProjectConfigurationPlatforms) = postSolution
		{B8157A5E-561C-4B6B-9FD2-323EF59173FC}.Debug|x86.ActiveCfg = Debug|Win32
		{B8157A5E-561C-4B6B-9FD2-323EF59173FC}.Debug|x86.Build.0 = Debug|Win32
		{B8157A5E-561C-4B6B-9FD2-323EF59173FC}.Release|x86.ActiveCfg = Release|Win32
		{B8157A5E-561C-4B6B-9FD2-323EF59173FC}.Release|x86.Build.0 = Release|Win32
	EndGlobalSection
	GlobalSection(SolutionProperties) = preSolution
		HideSolutionNode = FALSE
	EndGlobalSection
	GlobalSection(ExtensibilityGlobals) = postSolution
		SolutionGuid = {D3997C79-278B-4DCB-889A-0C4C2EA7CC65}
	EndGlobalSection
EndGlobal
